
Microsoft Visual Studio Solution File, Format Version 12.00
# Visual Studio Version 17
VisualStudioVersion = 17.0.31903.59
MinimumVisualStudioVersion = 10.0.40219.1
Project("{FAE04EC0-301F-11D3-BF4B-00C04F79EFBC}") = "InventoryService", "InventoryService\InventoryService.csproj", "{D99FCFC8-2D8F-405E-9645-0693A0E0AA86}"
EndProject
Project("{FAE04EC0-301F-11D3-BF4B-00C04F79EFBC}") = "OrderService", "OrderService\OrderService.csproj", "{7C46508C-40AD-4BEB-B2FB-23035366404A}"
EndProject
Project("{FAE04EC0-301F-11D3-BF4B-00C04F79EFBC}") = "UserService", "UserService\UserService.csproj", "{3202BA6F-0EE9-4D0B-9C50-1BDD65BD92EA}"
EndProject
Project("{2150E333-8FDC-42A3-9474-1A3956D46DE8}") = "Solution Items", "Solution Items", "{8EC462FD-D22E-90A8-E5CE-7E832BA40C5D}"
	ProjectSection(SolutionItems) = preProject
		docker-compose.yml = docker-compose.yml
	EndProjectSection
EndProject
Project("{FAE04EC0-301F-11D3-BF4B-00C04F79EFBC}") = "ERPSystemTestProject", "ERPSystemTestProject\ERPSystemTestProject.csproj", "{963BDDF8-B99B-476E-9A54-FE832076AD44}"
EndProject
Global
	GlobalSection(SolutionConfigurationPlatforms) = preSolution
		Debug|Any CPU = Debug|Any CPU
		Debug|x64 = Debug|x64
		Debug|x86 = Debug|x86
		Release|Any CPU = Release|Any CPU
		Release|x64 = Release|x64
		Release|x86 = Release|x86
	EndGlobalSection
	GlobalSection(ProjectConfigurationPlatforms) = postSolution
		{D99FCFC8-2D8F-405E-9645-0693A0E0AA86}.Debug|Any CPU.ActiveCfg = Debug|Any CPU
		{D99FCFC8-2D8F-405E-9645-0693A0E0AA86}.Debug|Any CPU.Build.0 = Debug|Any CPU
		{D99FCFC8-2D8F-405E-9645-0693A0E0AA86}.Debug|x64.ActiveCfg = Debug|Any CPU
		{D99FCFC8-2D8F-405E-9645-0693A0E0AA86}.Debug|x64.Build.0 = Debug|Any CPU
		{D99FCFC8-2D8F-405E-9645-0693A0E0AA86}.Debug|x86.ActiveCfg = Debug|Any CPU
		{D99FCFC8-2D8F-405E-9645-0693A0E0AA86}.Debug|x86.Build.0 = Debug|Any CPU
		{D99FCFC8-2D8F-405E-9645-0693A0E0AA86}.Release|Any CPU.ActiveCfg = Release|Any CPU
		{D99FCFC8-2D8F-405E-9645-0693A0E0AA86}.Release|Any CPU.Build.0 = Release|Any CPU
		{D99FCFC8-2D8F-405E-9645-0693A0E0AA86}.Release|x64.ActiveCfg = Release|Any CPU
		{D99FCFC8-2D8F-405E-9645-0693A0E0AA86}.Release|x64.Build.0 = Release|Any CPU
		{D99FCFC8-2D8F-405E-9645-0693A0E0AA86}.Release|x86.ActiveCfg = Release|Any CPU
		{D99FCFC8-2D8F-405E-9645-0693A0E0AA86}.Release|x86.Build.0 = Release|Any CPU
		{7C46508C-40AD-4BEB-B2FB-23035366404A}.Debug|Any CPU.ActiveCfg = Debug|Any CPU
		{7C46508C-40AD-4BEB-B2FB-23035366404A}.Debug|Any CPU.Build.0 = Debug|Any CPU
		{7C46508C-40AD-4BEB-B2FB-23035366404A}.Debug|x64.ActiveCfg = Debug|Any CPU
		{7C46508C-40AD-4BEB-B2FB-23035366404A}.Debug|x64.Build.0 = Debug|Any CPU
		{7C46508C-40AD-4BEB-B2FB-23035366404A}.Debug|x86.ActiveCfg = Debug|Any CPU
		{7C46508C-40AD-4BEB-B2FB-23035366404A}.Debug|x86.Build.0 = Debug|Any CPU
		{7C46508C-40AD-4BEB-B2FB-23035366404A}.Release|Any CPU.ActiveCfg = Release|Any CPU
		{7C46508C-40AD-4BEB-B2FB-23035366404A}.Release|Any CPU.Build.0 = Release|Any CPU
		{7C46508C-40AD-4BEB-B2FB-23035366404A}.Release|x64.ActiveCfg = Release|Any CPU
		{7C46508C-40AD-4BEB-B2FB-23035366404A}.Release|x64.Build.0 = Release|Any CPU
		{7C46508C-40AD-4BEB-B2FB-23035366404A}.Release|x86.ActiveCfg = Release|Any CPU
		{7C46508C-40AD-4BEB-B2FB-23035366404A}.Release|x86.Build.0 = Release|Any CPU
		{3202BA6F-0EE9-4D0B-9C50-1BDD65BD92EA}.Debug|Any CPU.ActiveCfg = Debug|Any CPU
		{3202BA6F-0EE9-4D0B-9C50-1BDD65BD92EA}.Debug|Any CPU.Build.0 = Debug|Any CPU
		{3202BA6F-0EE9-4D0B-9C50-1BDD65BD92EA}.Debug|x64.ActiveCfg = Debug|Any CPU
		{3202BA6F-0EE9-4D0B-9C50-1BDD65BD92EA}.Debug|x64.Build.0 = Debug|Any CPU
		{3202BA6F-0EE9-4D0B-9C50-1BDD65BD92EA}.Debug|x86.ActiveCfg = Debug|Any CPU
		{3202BA6F-0EE9-4D0B-9C50-1BDD65BD92EA}.Debug|x86.Build.0 = Debug|Any CPU
		{3202BA6F-0EE9-4D0B-9C50-1BDD65BD92EA}.Release|Any CPU.ActiveCfg = Release|Any CPU
		{3202BA6F-0EE9-4D0B-9C50-1BDD65BD92EA}.Release|Any CPU.Build.0 = Release|Any CPU
		{3202BA6F-0EE9-4D0B-9C50-1BDD65BD92EA}.Release|x64.ActiveCfg = Release|Any CPU
		{3202BA6F-0EE9-4D0B-9C50-1BDD65BD92EA}.Release|x64.Build.0 = Release|Any CPU
		{3202BA6F-0EE9-4D0B-9C50-1BDD65BD92EA}.Release|x86.ActiveCfg = Release|Any CPU
		{3202BA6F-0EE9-4D0B-9C50-1BDD65BD92EA}.Release|x86.Build.0 = Release|Any CPU
		{963BDDF8-B99B-476E-9A54-FE832076AD44}.Debug|Any CPU.ActiveCfg = Debug|Any CPU
		{963BDDF8-B99B-476E-9A54-FE832076AD44}.Debug|Any CPU.Build.0 = Debug|Any CPU
		{963BDDF8-B99B-476E-9A54-FE832076AD44}.Debug|x64.ActiveCfg = Debug|Any CPU
		{963BDDF8-B99B-476E-9A54-FE832076AD44}.Debug|x64.Build.0 = Debug|Any CPU
		{963BDDF8-B99B-476E-9A54-FE832076AD44}.Debug|x86.ActiveCfg = Debug|Any CPU
		{963BDDF8-B99B-476E-9A54-FE832076AD44}.Debug|x86.Build.0 = Debug|Any CPU
		{963BDDF8-B99B-476E-9A54-FE832076AD44}.Release|Any CPU.ActiveCfg = Release|Any CPU
		{963BDDF8-B99B-476E-9A54-FE832076AD44}.Release|Any CPU.Build.0 = Release|Any CPU
		{963BDDF8-B99B-476E-9A54-FE832076AD44}.Release|x64.ActiveCfg = Release|Any CPU
		{963BDDF8-B99B-476E-9A54-FE832076AD44}.Release|x64.Build.0 = Release|Any CPU
		{963BDDF8-B99B-476E-9A54-FE832076AD44}.Release|x86.ActiveCfg = Release|Any CPU
		{963BDDF8-B99B-476E-9A54-FE832076AD44}.Release|x86.Build.0 = Release|Any CPU
	EndGlobalSection
	GlobalSection(SolutionProperties) = preSolution
		HideSolutionNode = FALSE
	EndGlobalSection
	GlobalSection(ExtensibilityGlobals) = postSolution
		SolutionGuid = {9AFD10A4-426A-48C9-B775-9F475CDF46A3}
	EndGlobalSection
EndGlobal
